<Solution>
  <Project Path="1 - Parte 1/1 - Parte 1.csproj" />
  <Project Path="1 - Parte 2/1 - Parte 2.csproj" />
  <Project Path="2 - Parte 2/2 - Parte 2.csproj" Id="337dbf81-9ed6-4335-9c3a-7bc643a13abb" />
  <Project Path="2/2.csproj" Id="59921645-4e56-469f-b250-873388459edc" />
  <Project Path="3 - Parte 2/3 - Parte 2.csproj" Id="ef1a72f8-8163-47d3-b749-edc02a024217" />
  <Project Path="3/3.csproj" Id="5cc2cb1b-1440-4f57-b33e-6f2207955bc6" />
  <Project Path="4/4.csproj" Id="7ea41734-005d-4668-8d71-bde1567c90f3" />
  <Project Path="5 - Parte 2/5 - Parte 2.csproj" Id="fdbc14fb-c5e2-4219-9c6b-7b39e6249258" />
  <Project Path="5/5.csproj" Id="4bd7e191-d036-4bc5-83dd-d96d4d82d7b0" />
</Solution>
